
Microsoft Visual Studio Solution File, Format Version 12.00
Project("{FAE04EC0-301F-11D3-BF4B-00C04F79EFBC}") = "IL.VirtualViews", ".\Code\IL.VirtualViews\IL.VirtualViews.csproj", "{578373E6-72C6-42BE-AF94-387F10161D4A}"
EndProject
Project("{FAE04EC0-301F-11D3-BF4B-00C04F79EFBC}") = "IL.VirtualViews.Generation", ".\Code\IL.VirtualViews.Generation\IL.VirtualViews.Generation.csproj", "{662EDFA3-1ECB-41D9-8A24-5C8B74C6AB02}"
EndProject
Project("{FAE04EC0-301F-11D3-BF4B-00C04F79EFBC}") = "IL.VirtualViews.Tests", ".\Tests\IL.VirtualViews.Tests.csproj", "{C9635852-3AD3-4B10-890F-6DE8A281F55E}"
EndProject
Global
	GlobalSection(SolutionConfigurationPlatforms) = preSolution
		Debug|Any CPU = Debug|Any CPU
		Release|Any CPU = Release|Any CPU
	EndGlobalSection
	GlobalSection(ProjectConfigurationPlatforms) = postSolution
		{578373E6-72C6-42BE-AF94-387F10161D4A}.Debug|Any CPU.ActiveCfg = Debug|Any CPU
		{578373E6-72C6-42BE-AF94-387F10161D4A}.Debug|Any CPU.Build.0 = Debug|Any CPU
		{578373E6-72C6-42BE-AF94-387F10161D4A}.Release|Any CPU.ActiveCfg = Release|Any CPU
		{578373E6-72C6-42BE-AF94-387F10161D4A}.Release|Any CPU.Build.0 = Release|Any CPU
		{662EDFA3-1ECB-41D9-8A24-5C8B74C6AB02}.Debug|Any CPU.ActiveCfg = Debug|Any CPU
		{662EDFA3-1ECB-41D9-8A24-5C8B74C6AB02}.Debug|Any CPU.Build.0 = Debug|Any CPU
		{662EDFA3-1ECB-41D9-8A24-5C8B74C6AB02}.Release|Any CPU.ActiveCfg = Release|Any CPU
		{662EDFA3-1ECB-41D9-8A24-5C8B74C6AB02}.Release|Any CPU.Build.0 = Release|Any CPU
		{C9635852-3AD3-4B10-890F-6DE8A281F55E}.Debug|Any CPU.ActiveCfg = Debug|Any CPU
		{C9635852-3AD3-4B10-890F-6DE8A281F55E}.Debug|Any CPU.Build.0 = Debug|Any CPU
		{C9635852-3AD3-4B10-890F-6DE8A281F55E}.Release|Any CPU.ActiveCfg = Release|Any CPU
		{C9635852-3AD3-4B10-890F-6DE8A281F55E}.Release|Any CPU.Build.0 = Release|Any CPU
	EndGlobalSection
EndGlobal
